# This file is autogenerated, do not edit; changes may be undone by the next 'dep ensure'.


[[projects]]
  name = "github.com/sergi/go-diff"
  packages = ["diffmatchpatch"]
  revision = "1744e2970ca51c86172c8190fadad617561ed6e7"
  version = "v1.0.0"

[solve-meta]
  analyzer-name = "dep"
  analyzer-version = 1
  inputs-digest = "567942b2dc01367641a7bcaf945ee15b1b416f6f17d5b0fd842df1d4edb7ce26"
  solver-name = "gps-cdcl"
  solver-version = 1
